
Microsoft Visual Studio Solution File, Format Version 12.00
# Visual Studio 14
VisualStudioVersion = 14.0.23107.0
MinimumVisualStudioVersion = 10.0.40219.1
Project("{FAE04EC0-301F-11D3-BF4B-00C04F79EFBC}") = "consoleApp", "consoleApp\consoleApp.csproj", "{AE5E8388-63A6-40B6-8B09-5A5B820968ED}"
EndProject
Project("{FAE04EC0-301F-11D3-BF4B-00C04F79EFBC}") = "Helper", "Helper\Helper.csproj", "{5A9E7523-7BCB-4818-8D56-15EDB428AB0C}"
EndProject
Global
	GlobalSection(SolutionConfigurationPlatforms) = preSolution
		Debug|Any CPU = Debug|Any CPU
		Release|Any CPU = Release|Any CPU
	EndGlobalSection
	GlobalSection(ProjectConfigurationPlatforms) = postSolution
		{AE5E8388-63A6-40B6-8B09-5A5B820968ED}.Debug|Any CPU.ActiveCfg = Debug|Any CPU
		{AE5E8388-63A6-40B6-8B09-5A5B820968ED}.Debug|Any CPU.Build.0 = Debug|Any CPU
		{AE5E8388-63A6-40B6-8B09-5A5B820968ED}.Release|Any CPU.ActiveCfg = Release|Any CPU
		{AE5E8388-63A6-40B6-8B09-5A5B820968ED}.Release|Any CPU.Build.0 = Release|Any CPU
		{5A9E7523-7BCB-4818-8D56-15EDB428AB0C}.Debug|Any CPU.ActiveCfg = Debug|Any CPU
		{5A9E7523-7BCB-4818-8D56-15EDB428AB0C}.Debug|Any CPU.Build.0 = Debug|Any CPU
		{5A9E7523-7BCB-4818-8D56-15EDB428AB0C}.Release|Any CPU.ActiveCfg = Release|Any CPU
		{5A9E7523-7BCB-4818-8D56-15EDB428AB0C}.Release|Any CPU.Build.0 = Release|Any CPU
	EndGlobalSection
	GlobalSection(SolutionProperties) = preSolution
		HideSolutionNode = FALSE
	EndGlobalSection
EndGlobal
